
Microsoft Visual Studio Solution File, Format Version 12.00
# Visual Studio 2013
VisualStudioVersion = 12.0.40629.0
MinimumVisualStudioVersion = 10.0.40219.1
Project("{2150E333-8FDC-42A3-9474-1A3956D46DE8}") = "Creational Patterns", "Creational Patterns", "{A26E0415-4C31-4DCD-93B1-34B940401183}"
EndProject
Project("{FAE04EC0-301F-11D3-BF4B-00C04F79EFBC}") = "FactoryPattern", "FactoryPattern\FactoryPattern.csproj", "{6483F593-FBF3-4A41-87C4-F3B2DDE53C12}"
EndProject
Project("{FAE04EC0-301F-11D3-BF4B-00C04F79EFBC}") = "AbstractFactoryPattern", "AbstractFactoryPattern\AbstractFactoryPattern.csproj", "{20EB20E0-C89B-4352-A0E0-2D6A69BC383A}"
EndProject
Project("{FAE04EC0-301F-11D3-BF4B-00C04F79EFBC}") = "SingletonPattern", "SingletonPattern\SingletonPattern.csproj", "{C66DC8C2-DB60-4F1A-8483-10A57790ACB8}"
EndProject
Project("{FAE04EC0-301F-11D3-BF4B-00C04F79EFBC}") = "BuilderPattern", "BuilderPattern\BuilderPattern.csproj", "{39A07DE0-EDD3-4DA4-9203-0792047B56B1}"
EndProject
Project("{FAE04EC0-301F-11D3-BF4B-00C04F79EFBC}") = "PrototypePattern", "PrototypePattern\PrototypePattern.csproj", "{88C8D68D-075D-424E-8163-F1ABBFB9C996}"
EndProject
Project("{2150E333-8FDC-42A3-9474-1A3956D46DE8}") = "Structural Patterns", "Structural Patterns", "{746FAD27-76C6-42D5-8B5D-6D7696461B90}"
EndProject
Project("{FAE04EC0-301F-11D3-BF4B-00C04F79EFBC}") = "AdapterPattern", "AdapterPattern\AdapterPattern.csproj", "{AC29C9EB-15DA-4A90-8E65-E5227D494F50}"
EndProject
Project("{FAE04EC0-301F-11D3-BF4B-00C04F79EFBC}") = "BridgePattern", "BridgePattern\BridgePattern.csproj", "{AA7EC150-7AFC-44EF-8F53-459334B09EA4}"
EndProject
Project("{FAE04EC0-301F-11D3-BF4B-00C04F79EFBC}") = "FilterPattern", "FilterPattern\FilterPattern.csproj", "{C80EEB3C-DCBD-435D-916D-0F2228EE4A5C}"
EndProject
Project("{FAE04EC0-301F-11D3-BF4B-00C04F79EFBC}") = "CompositePattern", "CompositePattern\CompositePattern.csproj", "{7ACA22CB-EA41-4BDE-87F6-63AC3D5317E1}"
EndProject
Project("{FAE04EC0-301F-11D3-BF4B-00C04F79EFBC}") = "DecoratorPattern", "DecoratorPattern\DecoratorPattern.csproj", "{99ADE06A-3927-4AD6-BFFF-2C048412B543}"
EndProject
Project("{FAE04EC0-301F-11D3-BF4B-00C04F79EFBC}") = "FacadePattern", "FacadePattern\FacadePattern.csproj", "{4FFBB28E-92E4-4E2E-84B1-B38C11ADACC2}"
EndProject
Project("{FAE04EC0-301F-11D3-BF4B-00C04F79EFBC}") = "FlyweightPattern", "FlyweightPattern\FlyweightPattern.csproj", "{DA65EBF8-BB2E-4C70-8A47-7CF8A9705831}"
EndProject
Project("{FAE04EC0-301F-11D3-BF4B-00C04F79EFBC}") = "ProxyPattern", "ProxyPattern\ProxyPattern.csproj", "{69D8D045-2F0B-48CD-A5FD-8B460876AFEF}"
EndProject
Project("{2150E333-8FDC-42A3-9474-1A3956D46DE8}") = "Behvaior Patterns", "Behvaior Patterns", "{E79913B9-AE14-4C22-BB28-EF034739215A}"
EndProject
Project("{FAE04EC0-301F-11D3-BF4B-00C04F79EFBC}") = "ChainOfResponsibilityPattern", "ChainOfResponsibilityPattern\ChainOfResponsibilityPattern.csproj", "{65466FF9-448F-49FD-B7B8-8487FF50DEC6}"
EndProject
Project("{FAE04EC0-301F-11D3-BF4B-00C04F79EFBC}") = "CommandPattern", "CommandPattern\CommandPattern.csproj", "{80C32610-9129-40F3-8F3D-AEF7FD1092C6}"
EndProject
Project("{FAE04EC0-301F-11D3-BF4B-00C04F79EFBC}") = "InterpreterPattern", "InterpreterPattern\InterpreterPattern.csproj", "{8C50B489-531E-408E-BD60-E665674BEC5A}"
EndProject
Project("{FAE04EC0-301F-11D3-BF4B-00C04F79EFBC}") = "IteratorPattern", "IteratorPattern\IteratorPattern.csproj", "{C0C286B3-1851-4368-82FC-C5DE2EFA6E56}"
EndProject
Project("{FAE04EC0-301F-11D3-BF4B-00C04F79EFBC}") = "MediatorPattern", "MediatorPattern\MediatorPattern.csproj", "{413006DE-200C-4202-9539-30E10CC2BA83}"
EndProject
Project("{FAE04EC0-301F-11D3-BF4B-00C04F79EFBC}") = "MementoPattern", "MementoPattern\MementoPattern.csproj", "{2241F68C-8DE2-4E69-B4B8-7B4773B0A8F9}"
EndProject
Project("{FAE04EC0-301F-11D3-BF4B-00C04F79EFBC}") = "ObserverPattern", "ObserverPattern\ObserverPattern.csproj", "{045A6C50-A1E1-4EC2-9118-BCCB62CA9BF3}"
EndProject
Project("{FAE04EC0-301F-11D3-BF4B-00C04F79EFBC}") = "StatePattern", "StatePattern\StatePattern.csproj", "{53F8A4B3-3A45-470C-87A8-812916D10CF2}"
EndProject
Project("{FAE04EC0-301F-11D3-BF4B-00C04F79EFBC}") = "NullObjectPattern", "NullObjectPattern\NullObjectPattern.csproj", "{7E9A85DF-DC5B-4685-B067-4C23E38C6B1D}"
EndProject
Project("{FAE04EC0-301F-11D3-BF4B-00C04F79EFBC}") = "StrategyPattern", "StrategyPattern\StrategyPattern.csproj", "{D62804E0-ADDF-4037-B2EE-2290B2238889}"
EndProject
Project("{FAE04EC0-301F-11D3-BF4B-00C04F79EFBC}") = "TemplatePattern", "TemplatePattern\TemplatePattern.csproj", "{1B0818DE-CFF1-415D-A9C2-9CA663F3867D}"
EndProject
Project("{FAE04EC0-301F-11D3-BF4B-00C04F79EFBC}") = "VisitorPattern", "VisitorPattern\VisitorPattern.csproj", "{10707C67-A6F0-4825-8CB0-669953EA9166}"
EndProject
Global
	GlobalSection(SolutionConfigurationPlatforms) = preSolution
		Debug|Any CPU = Debug|Any CPU
		Release|Any CPU = Release|Any CPU
	EndGlobalSection
	GlobalSection(ProjectConfigurationPlatforms) = postSolution
		{6483F593-FBF3-4A41-87C4-F3B2DDE53C12}.Debug|Any CPU.ActiveCfg = Debug|Any CPU
		{6483F593-FBF3-4A41-87C4-F3B2DDE53C12}.Debug|Any CPU.Build.0 = Debug|Any CPU
		{6483F593-FBF3-4A41-87C4-F3B2DDE53C12}.Release|Any CPU.ActiveCfg = Release|Any CPU
		{6483F593-FBF3-4A41-87C4-F3B2DDE53C12}.Release|Any CPU.Build.0 = Release|Any CPU
		{20EB20E0-C89B-4352-A0E0-2D6A69BC383A}.Debug|Any CPU.ActiveCfg = Debug|Any CPU
		{20EB20E0-C89B-4352-A0E0-2D6A69BC383A}.Debug|Any CPU.Build.0 = Debug|Any CPU
		{20EB20E0-C89B-4352-A0E0-2D6A69BC383A}.Release|Any CPU.ActiveCfg = Release|Any CPU
		{20EB20E0-C89B-4352-A0E0-2D6A69BC383A}.Release|Any CPU.Build.0 = Release|Any CPU
		{C66DC8C2-DB60-4F1A-8483-10A57790ACB8}.Debug|Any CPU.ActiveCfg = Debug|Any CPU
		{C66DC8C2-DB60-4F1A-8483-10A57790ACB8}.Debug|Any CPU.Build.0 = Debug|Any CPU
		{C66DC8C2-DB60-4F1A-8483-10A57790ACB8}.Release|Any CPU.ActiveCfg = Release|Any CPU
		{C66DC8C2-DB60-4F1A-8483-10A57790ACB8}.Release|Any CPU.Build.0 = Release|Any CPU
		{39A07DE0-EDD3-4DA4-9203-0792047B56B1}.Debug|Any CPU.ActiveCfg = Debug|Any CPU
		{39A07DE0-EDD3-4DA4-9203-0792047B56B1}.Debug|Any CPU.Build.0 = Debug|Any CPU
		{39A07DE0-EDD3-4DA4-9203-0792047B56B1}.Release|Any CPU.ActiveCfg = Release|Any CPU
		{39A07DE0-EDD3-4DA4-9203-0792047B56B1}.Release|Any CPU.Build.0 = Release|Any CPU
		{88C8D68D-075D-424E-8163-F1ABBFB9C996}.Debug|Any CPU.ActiveCfg = Debug|Any CPU
		{88C8D68D-075D-424E-8163-F1ABBFB9C996}.Debug|Any CPU.Build.0 = Debug|Any CPU
		{88C8D68D-075D-424E-8163-F1ABBFB9C996}.Release|Any CPU.ActiveCfg = Release|Any CPU
		{88C8D68D-075D-424E-8163-F1ABBFB9C996}.Release|Any CPU.Build.0 = Release|Any CPU
		{AC29C9EB-15DA-4A90-8E65-E5227D494F50}.Debug|Any CPU.ActiveCfg = Debug|Any CPU
		{AC29C9EB-15DA-4A90-8E65-E5227D494F50}.Debug|Any CPU.Build.0 = Debug|Any CPU
		{AC29C9EB-15DA-4A90-8E65-E5227D494F50}.Release|Any CPU.ActiveCfg = Release|Any CPU
		{AC29C9EB-15DA-4A90-8E65-E5227D494F50}.Release|Any CPU.Build.0 = Release|Any CPU
		{AA7EC150-7AFC-44EF-8F53-459334B09EA4}.Debug|Any CPU.ActiveCfg = Debug|Any CPU
		{AA7EC150-7AFC-44EF-8F53-459334B09EA4}.Debug|Any CPU.Build.0 = Debug|Any CPU
		{AA7EC150-7AFC-44EF-8F53-459334B09EA4}.Release|Any CPU.ActiveCfg = Release|Any CPU
		{AA7EC150-7AFC-44EF-8F53-459334B09EA4}.Release|Any CPU.Build.0 = Release|Any CPU
		{C80EEB3C-DCBD-435D-916D-0F2228EE4A5C}.Debug|Any CPU.ActiveCfg = Debug|Any CPU
		{C80EEB3C-DCBD-435D-916D-0F2228EE4A5C}.Debug|Any CPU.Build.0 = Debug|Any CPU
		{C80EEB3C-DCBD-435D-916D-0F2228EE4A5C}.Release|Any CPU.ActiveCfg = Release|Any CPU
		{C80EEB3C-DCBD-435D-916D-0F2228EE4A5C}.Release|Any CPU.Build.0 = Release|Any CPU
		{7ACA22CB-EA41-4BDE-87F6-63AC3D5317E1}.Debug|Any CPU.ActiveCfg = Debug|Any CPU
		{7ACA22CB-EA41-4BDE-87F6-63AC3D5317E1}.Debug|Any CPU.Build.0 = Debug|Any CPU
		{7ACA22CB-EA41-4BDE-87F6-63AC3D5317E1}.Release|Any CPU.ActiveCfg = Release|Any CPU
		{7ACA22CB-EA41-4BDE-87F6-63AC3D5317E1}.Release|Any CPU.Build.0 = Release|Any CPU
		{99ADE06A-3927-4AD6-BFFF-2C048412B543}.Debug|Any CPU.ActiveCfg = Debug|Any CPU
		{99ADE06A-3927-4AD6-BFFF-2C048412B543}.Debug|Any CPU.Build.0 = Debug|Any CPU
		{99ADE06A-3927-4AD6-BFFF-2C048412B543}.Release|Any CPU.ActiveCfg = Release|Any CPU
		{99ADE06A-3927-4AD6-BFFF-2C048412B543}.Release|Any CPU.Build.0 = Release|Any CPU
		{4FFBB28E-92E4-4E2E-84B1-B38C11ADACC2}.Debug|Any CPU.ActiveCfg = Debug|Any CPU
		{4FFBB28E-92E4-4E2E-84B1-B38C11ADACC2}.Debug|Any CPU.Build.0 = Debug|Any CPU
		{4FFBB28E-92E4-4E2E-84B1-B38C11ADACC2}.Release|Any CPU.ActiveCfg = Release|Any CPU
		{4FFBB28E-92E4-4E2E-84B1-B38C11ADACC2}.Release|Any CPU.Build.0 = Release|Any CPU
		{DA65EBF8-BB2E-4C70-8A47-7CF8A9705831}.Debug|Any CPU.ActiveCfg = Debug|Any CPU
		{DA65EBF8-BB2E-4C70-8A47-7CF8A9705831}.Debug|Any CPU.Build.0 = Debug|Any CPU
		{DA65EBF8-BB2E-4C70-8A47-7CF8A9705831}.Release|Any CPU.ActiveCfg = Release|Any CPU
		{DA65EBF8-BB2E-4C70-8A47-7CF8A9705831}.Release|Any CPU.Build.0 = Release|Any CPU
		{69D8D045-2F0B-48CD-A5FD-8B460876AFEF}.Debug|Any CPU.ActiveCfg = Debug|Any CPU
		{69D8D045-2F0B-48CD-A5FD-8B460876AFEF}.Debug|Any CPU.Build.0 = Debug|Any CPU
		{69D8D045-2F0B-48CD-A5FD-8B460876AFEF}.Release|Any CPU.ActiveCfg = Release|Any CPU
		{69D8D045-2F0B-48CD-A5FD-8B460876AFEF}.Release|Any CPU.Build.0 = Release|Any CPU
		{65466FF9-448F-49FD-B7B8-8487FF50DEC6}.Debug|Any CPU.ActiveCfg = Debug|Any CPU
		{65466FF9-448F-49FD-B7B8-8487FF50DEC6}.Debug|Any CPU.Build.0 = Debug|Any CPU
		{65466FF9-448F-49FD-B7B8-8487FF50DEC6}.Release|Any CPU.ActiveCfg = Release|Any CPU
		{65466FF9-448F-49FD-B7B8-8487FF50DEC6}.Release|Any CPU.Build.0 = Release|Any CPU
		{80C32610-9129-40F3-8F3D-AEF7FD1092C6}.Debug|Any CPU.ActiveCfg = Debug|Any CPU
		{80C32610-9129-40F3-8F3D-AEF7FD1092C6}.Debug|Any CPU.Build.0 = Debug|Any CPU
		{80C32610-9129-40F3-8F3D-AEF7FD1092C6}.Release|Any CPU.ActiveCfg = Release|Any CPU
		{80C32610-9129-40F3-8F3D-AEF7FD1092C6}.Release|Any CPU.Build.0 = Release|Any CPU
		{8C50B489-531E-408E-BD60-E665674BEC5A}.Debug|Any CPU.ActiveCfg = Debug|Any CPU
		{8C50B489-531E-408E-BD60-E665674BEC5A}.Debug|Any CPU.Build.0 = Debug|Any CPU
		{8C50B489-531E-408E-BD60-E665674BEC5A}.Release|Any CPU.ActiveCfg = Release|Any CPU
		{8C50B489-531E-408E-BD60-E665674BEC5A}.Release|Any CPU.Build.0 = Release|Any CPU
		{C0C286B3-1851-4368-82FC-C5DE2EFA6E56}.Debug|Any CPU.ActiveCfg = Debug|Any CPU
		{C0C286B3-1851-4368-82FC-C5DE2EFA6E56}.Debug|Any CPU.Build.0 = Debug|Any CPU
		{C0C286B3-1851-4368-82FC-C5DE2EFA6E56}.Release|Any CPU.ActiveCfg = Release|Any CPU
		{C0C286B3-1851-4368-82FC-C5DE2EFA6E56}.Release|Any CPU.Build.0 = Release|Any CPU
		{413006DE-200C-4202-9539-30E10CC2BA83}.Debug|Any CPU.ActiveCfg = Debug|Any CPU
		{413006DE-200C-4202-9539-30E10CC2BA83}.Debug|Any CPU.Build.0 = Debug|Any CPU
		{413006DE-200C-4202-9539-30E10CC2BA83}.Release|Any CPU.ActiveCfg = Release|Any CPU
		{413006DE-200C-4202-9539-30E10CC2BA83}.Release|Any CPU.Build.0 = Release|Any CPU
		{2241F68C-8DE2-4E69-B4B8-7B4773B0A8F9}.Debug|Any CPU.ActiveCfg = Debug|Any CPU
		{2241F68C-8DE2-4E69-B4B8-7B4773B0A8F9}.Debug|Any CPU.Build.0 = Debug|Any CPU
		{2241F68C-8DE2-4E69-B4B8-7B4773B0A8F9}.Release|Any CPU.ActiveCfg = Release|Any CPU
		{2241F68C-8DE2-4E69-B4B8-7B4773B0A8F9}.Release|Any CPU.Build.0 = Release|Any CPU
		{045A6C50-A1E1-4EC2-9118-BCCB62CA9BF3}.Debug|Any CPU.ActiveCfg = Debug|Any CPU
		{045A6C50-A1E1-4EC2-9118-BCCB62CA9BF3}.Debug|Any CPU.Build.0 = Debug|Any CPU
		{045A6C50-A1E1-4EC2-9118-BCCB62CA9BF3}.Release|Any CPU.ActiveCfg = Release|Any CPU
		{045A6C50-A1E1-4EC2-9118-BCCB62CA9BF3}.Release|Any CPU.Build.0 = Release|Any CPU
		{53F8A4B3-3A45-470C-87A8-812916D10CF2}.Debug|Any CPU.ActiveCfg = Debug|Any CPU
		{53F8A4B3-3A45-470C-87A8-812916D10CF2}.Debug|Any CPU.Build.0 = Debug|Any CPU
		{53F8A4B3-3A45-470C-87A8-812916D10CF2}.Release|Any CPU.ActiveCfg = Release|Any CPU
		{53F8A4B3-3A45-470C-87A8-812916D10CF2}.Release|Any CPU.Build.0 = Release|Any CPU
		{7E9A85DF-DC5B-4685-B067-4C23E38C6B1D}.Debug|Any CPU.ActiveCfg = Debug|Any CPU
		{7E9A85DF-DC5B-4685-B067-4C23E38C6B1D}.Debug|Any CPU.Build.0 = Debug|Any CPU
		{7E9A85DF-DC5B-4685-B067-4C23E38C6B1D}.Release|Any CPU.ActiveCfg = Release|Any CPU
		{7E9A85DF-DC5B-4685-B067-4C23E38C6B1D}.Release|Any CPU.Build.0 = Release|Any CPU
		{D62804E0-ADDF-4037-B2EE-2290B2238889}.Debug|Any CPU.ActiveCfg = Debug|Any CPU
		{D62804E0-ADDF-4037-B2EE-2290B2238889}.Debug|Any CPU.Build.0 = Debug|Any CPU
		{D62804E0-ADDF-4037-B2EE-2290B2238889}.Release|Any CPU.ActiveCfg = Release|Any CPU
		{D62804E0-ADDF-4037-B2EE-2290B2238889}.Release|Any CPU.Build.0 = Release|Any CPU
		{1B0818DE-CFF1-415D-A9C2-9CA663F3867D}.Debug|Any CPU.ActiveCfg = Debug|Any CPU
		{1B0818DE-CFF1-415D-A9C2-9CA663F3867D}.Debug|Any CPU.Build.0 = Debug|Any CPU
		{1B0818DE-CFF1-415D-A9C2-9CA663F3867D}.Release|Any CPU.ActiveCfg = Release|Any CPU
		{1B0818DE-CFF1-415D-A9C2-9CA663F3867D}.Release|Any CPU.Build.0 = Release|Any CPU
		{10707C67-A6F0-4825-8CB0-669953EA9166}.Debug|Any CPU.ActiveCfg = Debug|Any CPU
		{10707C67-A6F0-4825-8CB0-669953EA9166}.Debug|Any CPU.Build.0 = Debug|Any CPU
		{10707C67-A6F0-4825-8CB0-669953EA9166}.Release|Any CPU.ActiveCfg = Release|Any CPU
		{10707C67-A6F0-4825-8CB0-669953EA9166}.Release|Any CPU.Build.0 = Release|Any CPU
	EndGlobalSection
	GlobalSection(SolutionProperties) = preSolution
		HideSolutionNode = FALSE
	EndGlobalSection
	GlobalSection(NestedProjects) = preSolution
		{6483F593-FBF3-4A41-87C4-F3B2DDE53C12} = {A26E0415-4C31-4DCD-93B1-34B940401183}
		{20EB20E0-C89B-4352-A0E0-2D6A69BC383A} = {A26E0415-4C31-4DCD-93B1-34B940401183}
		{C66DC8C2-DB60-4F1A-8483-10A57790ACB8} = {A26E0415-4C31-4DCD-93B1-34B940401183}
		{39A07DE0-EDD3-4DA4-9203-0792047B56B1} = {A26E0415-4C31-4DCD-93B1-34B940401183}
		{88C8D68D-075D-424E-8163-F1ABBFB9C996} = {A26E0415-4C31-4DCD-93B1-34B940401183}
		{AC29C9EB-15DA-4A90-8E65-E5227D494F50} = {746FAD27-76C6-42D5-8B5D-6D7696461B90}
		{AA7EC150-7AFC-44EF-8F53-459334B09EA4} = {746FAD27-76C6-42D5-8B5D-6D7696461B90}
		{C80EEB3C-DCBD-435D-916D-0F2228EE4A5C} = {746FAD27-76C6-42D5-8B5D-6D7696461B90}
		{7ACA22CB-EA41-4BDE-87F6-63AC3D5317E1} = {746FAD27-76C6-42D5-8B5D-6D7696461B90}
		{99ADE06A-3927-4AD6-BFFF-2C048412B543} = {746FAD27-76C6-42D5-8B5D-6D7696461B90}
		{4FFBB28E-92E4-4E2E-84B1-B38C11ADACC2} = {746FAD27-76C6-42D5-8B5D-6D7696461B90}
		{DA65EBF8-BB2E-4C70-8A47-7CF8A9705831} = {746FAD27-76C6-42D5-8B5D-6D7696461B90}
		{69D8D045-2F0B-48CD-A5FD-8B460876AFEF} = {746FAD27-76C6-42D5-8B5D-6D7696461B90}
		{65466FF9-448F-49FD-B7B8-8487FF50DEC6} = {E79913B9-AE14-4C22-BB28-EF034739215A}
		{80C32610-9129-40F3-8F3D-AEF7FD1092C6} = {E79913B9-AE14-4C22-BB28-EF034739215A}
		{8C50B489-531E-408E-BD60-E665674BEC5A} = {E79913B9-AE14-4C22-BB28-EF034739215A}
		{C0C286B3-1851-4368-82FC-C5DE2EFA6E56} = {E79913B9-AE14-4C22-BB28-EF034739215A}
		{413006DE-200C-4202-9539-30E10CC2BA83} = {E79913B9-AE14-4C22-BB28-EF034739215A}
		{2241F68C-8DE2-4E69-B4B8-7B4773B0A8F9} = {E79913B9-AE14-4C22-BB28-EF034739215A}
		{045A6C50-A1E1-4EC2-9118-BCCB62CA9BF3} = {E79913B9-AE14-4C22-BB28-EF034739215A}
		{53F8A4B3-3A45-470C-87A8-812916D10CF2} = {E79913B9-AE14-4C22-BB28-EF034739215A}
		{7E9A85DF-DC5B-4685-B067-4C23E38C6B1D} = {E79913B9-AE14-4C22-BB28-EF034739215A}
		{D62804E0-ADDF-4037-B2EE-2290B2238889} = {E79913B9-AE14-4C22-BB28-EF034739215A}
		{1B0818DE-CFF1-415D-A9C2-9CA663F3867D} = {E79913B9-AE14-4C22-BB28-EF034739215A}
		{10707C67-A6F0-4825-8CB0-669953EA9166} = {E79913B9-AE14-4C22-BB28-EF034739215A}
	EndGlobalSection
EndGlobal
